
Microsoft Visual Studio Solution File, Format Version 12.00
# Visual Studio 15
VisualStudioVersion = 15.0.28010.2003
MinimumVisualStudioVersion = 10.0.40219.1
Project("{FAE04EC0-301F-11D3-BF4B-00C04F79EFBC}") = "Claims-Aware MVC App", "Claims-Aware MVC App\Claims-Aware MVC App.csproj", "{F9FE94B6-5EE2-4488-900A-D9E65770156B}"
EndProject
Global
	GlobalSection(SolutionConfigurationPlatforms) = preSolution
		Debug|Any CPU = Debug|Any CPU
		Release|Any CPU = Release|Any CPU
	EndGlobalSection
	GlobalSection(ProjectConfigurationPlatforms) = postSolution
		{F9FE94B6-5EE2-4488-900A-D9E65770156B}.Debug|Any CPU.ActiveCfg = Debug|Any CPU
		{F9FE94B6-5EE2-4488-900A-D9E65770156B}.Debug|Any CPU.Build.0 = Debug|Any CPU
		{F9FE94B6-5EE2-4488-900A-D9E65770156B}.Release|Any CPU.ActiveCfg = Release|Any CPU
		{F9FE94B6-5EE2-4488-900A-D9E65770156B}.Release|Any CPU.Build.0 = Release|Any CPU
	EndGlobalSection
	GlobalSection(SolutionProperties) = preSolution
		HideSolutionNode = FALSE
	EndGlobalSection
	GlobalSection(ExtensibilityGlobals) = postSolution
		SolutionGuid = {943F2D07-C6E0-4DAA-A5BB-65C4CC436D4B}
	EndGlobalSection
EndGlobal
